
Microsoft Visual Studio Solution File, Format Version 12.00
# Visual Studio 15
VisualStudioVersion = 15.0.28010.2046
MinimumVisualStudioVersion = 10.0.40219.1
Project("{FAE04EC0-301F-11D3-BF4B-00C04F79EFBC}") = "MicroFacebookAPI", "MicroFacebookAPI\MicroFacebookAPI.csproj", "{9F248A6F-6CB5-4F05-A601-D704D6754EC2}"
EndProject
Global
	GlobalSection(SolutionConfigurationPlatforms) = preSolution
		Debug|Any CPU = Debug|Any CPU
		Release|Any CPU = Release|Any CPU
	EndGlobalSection
	GlobalSection(ProjectConfigurationPlatforms) = postSolution
		{9F248A6F-6CB5-4F05-A601-D704D6754EC2}.Debug|Any CPU.ActiveCfg = Debug|Any CPU
		{9F248A6F-6CB5-4F05-A601-D704D6754EC2}.Debug|Any CPU.Build.0 = Debug|Any CPU
		{9F248A6F-6CB5-4F05-A601-D704D6754EC2}.Release|Any CPU.ActiveCfg = Release|Any CPU
		{9F248A6F-6CB5-4F05-A601-D704D6754EC2}.Release|Any CPU.Build.0 = Release|Any CPU
	EndGlobalSection
	GlobalSection(SolutionProperties) = preSolution
		HideSolutionNode = FALSE
	EndGlobalSection
	GlobalSection(ExtensibilityGlobals) = postSolution
		SolutionGuid = {180CB915-B3D1-44B5-B5FE-03FF12F5B357}
	EndGlobalSection
EndGlobal
